
Microsoft Visual Studio Solution File, Format Version 12.00
# Visual Studio Version 16
VisualStudioVersion = 16.0.30413.136
MinimumVisualStudioVersion = 10.0.40219.1
Project("{FAE04EC0-301F-11D3-BF4B-00C04F79EFBC}") = "DesignPatterns_FactoryMethod", "DesignPatterns_FactoryMethod\DesignPatterns_FactoryMethod.csproj", "{DF79F93F-AB9B-48BE-87F8-74D743EDAAC3}"
EndProject
Project("{FAE04EC0-301F-11D3-BF4B-00C04F79EFBC}") = "DesignPatterns_Builder", "DesignPatterns_Builder\DesignPatterns_Builder.csproj", "{C28986EF-C82C-431B-AB40-26BB96C49A19}"
EndProject
Project("{FAE04EC0-301F-11D3-BF4B-00C04F79EFBC}") = "DesignPatterns_Decorator", "DesignPatterns_Decorator\DesignPatterns_Decorator.csproj", "{801112B1-EC92-4690-8695-0D8CE921D870}"
EndProject
Project("{FAE04EC0-301F-11D3-BF4B-00C04F79EFBC}") = "DesignPatterns_Composite", "DesignPatterns_Composite\DesignPatterns_Composite.csproj", "{280E3303-4B8F-4371-9221-682652C420F7}"
EndProject
Global
	GlobalSection(SolutionConfigurationPlatforms) = preSolution
		Debug|Any CPU = Debug|Any CPU
		Release|Any CPU = Release|Any CPU
	EndGlobalSection
	GlobalSection(ProjectConfigurationPlatforms) = postSolution
		{DF79F93F-AB9B-48BE-87F8-74D743EDAAC3}.Debug|Any CPU.ActiveCfg = Debug|Any CPU
		{DF79F93F-AB9B-48BE-87F8-74D743EDAAC3}.Debug|Any CPU.Build.0 = Debug|Any CPU
		{DF79F93F-AB9B-48BE-87F8-74D743EDAAC3}.Release|Any CPU.ActiveCfg = Release|Any CPU
		{DF79F93F-AB9B-48BE-87F8-74D743EDAAC3}.Release|Any CPU.Build.0 = Release|Any CPU
		{C28986EF-C82C-431B-AB40-26BB96C49A19}.Debug|Any CPU.ActiveCfg = Debug|Any CPU
		{C28986EF-C82C-431B-AB40-26BB96C49A19}.Debug|Any CPU.Build.0 = Debug|Any CPU
		{C28986EF-C82C-431B-AB40-26BB96C49A19}.Release|Any CPU.ActiveCfg = Release|Any CPU
		{C28986EF-C82C-431B-AB40-26BB96C49A19}.Release|Any CPU.Build.0 = Release|Any CPU
		{801112B1-EC92-4690-8695-0D8CE921D870}.Debug|Any CPU.ActiveCfg = Debug|Any CPU
		{801112B1-EC92-4690-8695-0D8CE921D870}.Debug|Any CPU.Build.0 = Debug|Any CPU
		{801112B1-EC92-4690-8695-0D8CE921D870}.Release|Any CPU.ActiveCfg = Release|Any CPU
		{801112B1-EC92-4690-8695-0D8CE921D870}.Release|Any CPU.Build.0 = Release|Any CPU
		{280E3303-4B8F-4371-9221-682652C420F7}.Debug|Any CPU.ActiveCfg = Debug|Any CPU
		{280E3303-4B8F-4371-9221-682652C420F7}.Debug|Any CPU.Build.0 = Debug|Any CPU
		{280E3303-4B8F-4371-9221-682652C420F7}.Release|Any CPU.ActiveCfg = Release|Any CPU
		{280E3303-4B8F-4371-9221-682652C420F7}.Release|Any CPU.Build.0 = Release|Any CPU
	EndGlobalSection
	GlobalSection(SolutionProperties) = preSolution
		HideSolutionNode = FALSE
	EndGlobalSection
	GlobalSection(ExtensibilityGlobals) = postSolution
		SolutionGuid = {1B60A081-5EA4-4BCE-A4B2-1D24B3CF37A4}
	EndGlobalSection
EndGlobal
